// !$*UTF8*$!
{
	archiveVersion = 1;
	classes = {
	};
	objectVersion = 51;
	objects = {

/* Begin PBXBuildFile section */
		29B331334A8804D9D0016A83 /* Pods_Swift_Git.framework in Frameworks */ = {isa = PBXBuildFile; fileRef = DD0F7B14922E479000B36C06 /* Pods_Swift_Git.framework */; };
		4795BD28CE96E0F51F0140BE /* Pods_Swift_Git_Swift_GitTests.framework in Frameworks */ = {isa = PBXBuildFile; fileRef = 1CC5C7A3E88BD640073E6F65 /* Pods_Swift_Git_Swift_GitTests.framework */; };
		F530D2F22480022A00D4FB5B /* RepositoryCellViewModelTests.swift in Sources */ = {isa = PBXBuildFile; fileRef = F530D2F12480022A00D4FB5B /* RepositoryCellViewModelTests.swift */; };
		F5B5CD68247E8A6D009E1061 /* AppDelegate.swift in Sources */ = {isa = PBXBuildFile; fileRef = F5B5CD67247E8A6D009E1061 /* AppDelegate.swift */; };
		F5B5CD6C247E8A6D009E1061 /* ViewController.swift in Sources */ = {isa = PBXBuildFile; fileRef = F5B5CD6B247E8A6D009E1061 /* ViewController.swift */; };
		F5B5CD6F247E8A6D009E1061 /* Main.storyboard in Resources */ = {isa = PBXBuildFile; fileRef = F5B5CD6D247E8A6D009E1061 /* Main.storyboard */; };
		F5B5CD71247E8A6E009E1061 /* Assets.xcassets in Resources */ = {isa = PBXBuildFile; fileRef = F5B5CD70247E8A6E009E1061 /* Assets.xcassets */; };
		F5B5CD74247E8A6E009E1061 /* LaunchScreen.storyboard in Resources */ = {isa = PBXBuildFile; fileRef = F5B5CD72247E8A6E009E1061 /* LaunchScreen.storyboard */; };
		F5B5CD7F247E8A6E009E1061 /* Swift_GitTests.swift in Sources */ = {isa = PBXBuildFile; fileRef = F5B5CD7E247E8A6E009E1061 /* Swift_GitTests.swift */; };
		F5B5CD91247E96C3009E1061 /* Typealias.swift in Sources */ = {isa = PBXBuildFile; fileRef = F5B5CD90247E96C2009E1061 /* Typealias.swift */; };
		F5B5CD93247E96E1009E1061 /* APIError.swift in Sources */ = {isa = PBXBuildFile; fileRef = F5B5CD92247E96E1009E1061 /* APIError.swift */; };
		F5B5CD95247E970E009E1061 /* Constants.swift in Sources */ = {isa = PBXBuildFile; fileRef = F5B5CD94247E970E009E1061 /* Constants.swift */; };
		F5B5CD97247E9768009E1061 /* APIRouter.swift in Sources */ = {isa = PBXBuildFile; fileRef = F5B5CD96247E9768009E1061 /* APIRouter.swift */; };
		F5B5CD9B247E9F88009E1061 /* APIRepositoryClient.swift in Sources */ = {isa = PBXBuildFile; fileRef = F5B5CD9A247E9F88009E1061 /* APIRepositoryClient.swift */; };
		F5B5CD9D247E9FB1009E1061 /* API.swift in Sources */ = {isa = PBXBuildFile; fileRef = F5B5CD9C247E9FB1009E1061 /* API.swift */; };
		F5B5CD9F247EA4F4009E1061 /* RepositoryPayload.swift in Sources */ = {isa = PBXBuildFile; fileRef = F5B5CD9E247EA4F4009E1061 /* RepositoryPayload.swift */; };
		F5B5CDA1247EA723009E1061 /* ItemPayload.swift in Sources */ = {isa = PBXBuildFile; fileRef = F5B5CDA0247EA723009E1061 /* ItemPayload.swift */; };
		F5B5CDA3247EA7C0009E1061 /* OwnerPayload.swift in Sources */ = {isa = PBXBuildFile; fileRef = F5B5CDA2247EA7C0009E1061 /* OwnerPayload.swift */; };
		F5B5CDAC247ED092009E1061 /* RepositoriesViewModel.swift in Sources */ = {isa = PBXBuildFile; fileRef = F5B5CDAB247ED092009E1061 /* RepositoriesViewModel.swift */; };
		F5B5CDB0247ED117009E1061 /* Dynamic.swift in Sources */ = {isa = PBXBuildFile; fileRef = F5B5CDAF247ED117009E1061 /* Dynamic.swift */; };
		F5B5CDB4247ED224009E1061 /* Repository.swift in Sources */ = {isa = PBXBuildFile; fileRef = F5B5CDB3247ED224009E1061 /* Repository.swift */; };
		F5B5CDB6247ED296009E1061 /* Item.swift in Sources */ = {isa = PBXBuildFile; fileRef = F5B5CDB5247ED296009E1061 /* Item.swift */; };
		F5B5CDB8247ED342009E1061 /* Owner.swift in Sources */ = {isa = PBXBuildFile; fileRef = F5B5CDB7247ED342009E1061 /* Owner.swift */; };
		F5B5CDBA247EE75E009E1061 /* RepositoriesViewController.swift in Sources */ = {isa = PBXBuildFile; fileRef = F5B5CDB9247EE75D009E1061 /* RepositoriesViewController.swift */; };
		F5B5CDBD247EEA6C009E1061 /* RepositoryCell.swift in Sources */ = {isa = PBXBuildFile; fileRef = F5B5CDBC247EEA6C009E1061 /* RepositoryCell.swift */; };
		F5B5CDBF247EEACD009E1061 /* RepositoryCellViewModel.swift in Sources */ = {isa = PBXBuildFile; fileRef = F5B5CDBE247EEACD009E1061 /* RepositoryCellViewModel.swift */; };
		F5B5CDC3247EF260009E1061 /* RepositoryFactory.swift in Sources */ = {isa = PBXBuildFile; fileRef = F5B5CDC2247EF260009E1061 /* RepositoryFactory.swift */; };
		F5B5CDC5247EF29F009E1061 /* ModuleFactoryImp.swift in Sources */ = {isa = PBXBuildFile; fileRef = F5B5CDC4247EF29F009E1061 /* ModuleFactoryImp.swift */; };
		F5B5CDC8247F0274009E1061 /* UImageLoader.swift in Sources */ = {isa = PBXBuildFile; fileRef = F5B5CDC7247F0274009E1061 /* UImageLoader.swift */; };
		F5B5CDCB247F02BD009E1061 /* ImageLoader.swift in Sources */ = {isa = PBXBuildFile; fileRef = F5B5CDCA247F02BD009E1061 /* ImageLoader.swift */; };
		F5B5CDCE247F03E2009E1061 /* UImageViewExtension.swift in Sources */ = {isa = PBXBuildFile; fileRef = F5B5CDCD247F03E2009E1061 /* UImageViewExtension.swift */; };
		F5B5CDD0247F3FEB009E1061 /* RepositoriesViewModelTests.swift in Sources */ = {isa = PBXBuildFile; fileRef = F5B5CDCF247F3FEB009E1061 /* RepositoriesViewModelTests.swift */; };
/* End PBXBuildFile section */

/* Begin PBXContainerItemProxy section */
		F5B5CD7B247E8A6E009E1061 /* PBXContainerItemProxy */ = {
			isa = PBXContainerItemProxy;
			containerPortal = F5B5CD5C247E8A6D009E1061 /* Project object */;
			proxyType = 1;
			remoteGlobalIDString = F5B5CD63247E8A6D009E1061;
			remoteInfo = "Swift-Git";
		};
/* End PBXContainerItemProxy section */

/* Begin PBXFileReference section */
		1961D884E1E30BA058C4E059 /* Pods-Swift-Git-Swift-GitTests.debug.xcconfig */ = {isa = PBXFileReference; includeInIndex = 1; lastKnownFileType = text.xcconfig; name = "Pods-Swift-Git-Swift-GitTests.debug.xcconfig"; path = "Target Support Files/Pods-Swift-Git-Swift-GitTests/Pods-Swift-Git-Swift-GitTests.debug.xcconfig"; sourceTree = "<group>"; };
		1CC5C7A3E88BD640073E6F65 /* Pods_Swift_Git_Swift_GitTests.framework */ = {isa = PBXFileReference; explicitFileType = wrapper.framework; includeInIndex = 0; path = Pods_Swift_Git_Swift_GitTests.framework; sourceTree = BUILT_PRODUCTS_DIR; };
		24B8B21105B69F23DE4DA2B6 /* Pods-Swift-Git-Swift-GitTests.release.xcconfig */ = {isa = PBXFileReference; includeInIndex = 1; lastKnownFileType = text.xcconfig; name = "Pods-Swift-Git-Swift-GitTests.release.xcconfig"; path = "Target Support Files/Pods-Swift-Git-Swift-GitTests/Pods-Swift-Git-Swift-GitTests.release.xcconfig"; sourceTree = "<group>"; };
		6BDF4A2CEFA4CCDDEFD546DD /* Pods-Swift-Git.debug.xcconfig */ = {isa = PBXFileReference; includeInIndex = 1; lastKnownFileType = text.xcconfig; name = "Pods-Swift-Git.debug.xcconfig"; path = "Target Support Files/Pods-Swift-Git/Pods-Swift-Git.debug.xcconfig"; sourceTree = "<group>"; };
		75E43CFF1B0EFB311A228E26 /* Pods-Swift-Git.release.xcconfig */ = {isa = PBXFileReference; includeInIndex = 1; lastKnownFileType = text.xcconfig; name = "Pods-Swift-Git.release.xcconfig"; path = "Target Support Files/Pods-Swift-Git/Pods-Swift-Git.release.xcconfig"; sourceTree = "<group>"; };
		DD0F7B14922E479000B36C06 /* Pods_Swift_Git.framework */ = {isa = PBXFileReference; explicitFileType = wrapper.framework; includeInIndex = 0; path = Pods_Swift_Git.framework; sourceTree = BUILT_PRODUCTS_DIR; };
		F530D2F12480022A00D4FB5B /* RepositoryCellViewModelTests.swift */ = {isa = PBXFileReference; lastKnownFileType = sourcecode.swift; path = RepositoryCellViewModelTests.swift; sourceTree = "<group>"; };
		F5B5CD64247E8A6D009E1061 /* Swift-Git.app */ = {isa = PBXFileReference; explicitFileType = wrapper.application; includeInIndex = 0; path = "Swift-Git.app"; sourceTree = BUILT_PRODUCTS_DIR; };
		F5B5CD67247E8A6D009E1061 /* AppDelegate.swift */ = {isa = PBXFileReference; lastKnownFileType = sourcecode.swift; path = AppDelegate.swift; sourceTree = "<group>"; };
		F5B5CD6B247E8A6D009E1061 /* ViewController.swift */ = {isa = PBXFileReference; lastKnownFileType = sourcecode.swift; path = ViewController.swift; sourceTree = "<group>"; };
		F5B5CD6E247E8A6D009E1061 /* Base */ = {isa = PBXFileReference; lastKnownFileType = file.storyboard; name = Base; path = Base.lproj/Main.storyboard; sourceTree = "<group>"; };
		F5B5CD70247E8A6E009E1061 /* Assets.xcassets */ = {isa = PBXFileReference; lastKnownFileType = folder.assetcatalog; path = Assets.xcassets; sourceTree = "<group>"; };
		F5B5CD73247E8A6E009E1061 /* Base */ = {isa = PBXFileReference; lastKnownFileType = file.storyboard; name = Base; path = Base.lproj/LaunchScreen.storyboard; sourceTree = "<group>"; };
		F5B5CD75247E8A6E009E1061 /* Info.plist */ = {isa = PBXFileReference; lastKnownFileType = text.plist.xml; path = Info.plist; sourceTree = "<group>"; };
		F5B5CD7A247E8A6E009E1061 /* Swift-GitTests.xctest */ = {isa = PBXFileReference; explicitFileType = wrapper.cfbundle; includeInIndex = 0; path = "Swift-GitTests.xctest"; sourceTree = BUILT_PRODUCTS_DIR; };
		F5B5CD7E247E8A6E009E1061 /* Swift_GitTests.swift */ = {isa = PBXFileReference; lastKnownFileType = sourcecode.swift; path = Swift_GitTests.swift; sourceTree = "<group>"; };
		F5B5CD80247E8A6E009E1061 /* Info.plist */ = {isa = PBXFileReference; lastKnownFileType = text.plist.xml; path = Info.plist; sourceTree = "<group>"; };
		F5B5CD90247E96C2009E1061 /* Typealias.swift */ = {isa = PBXFileReference; lastKnownFileType = sourcecode.swift; path = Typealias.swift; sourceTree = "<group>"; };
		F5B5CD92247E96E1009E1061 /* APIError.swift */ = {isa = PBXFileReference; lastKnownFileType = sourcecode.swift; path = APIError.swift; sourceTree = "<group>"; };
		F5B5CD94247E970E009E1061 /* Constants.swift */ = {isa = PBXFileReference; lastKnownFileType = sourcecode.swift; path = Constants.swift; sourceTree = "<group>"; };
		F5B5CD96247E9768009E1061 /* APIRouter.swift */ = {isa = PBXFileReference; lastKnownFileType = sourcecode.swift; path = APIRouter.swift; sourceTree = "<group>"; };
		F5B5CD9A247E9F88009E1061 /* APIRepositoryClient.swift */ = {isa = PBXFileReference; lastKnownFileType = sourcecode.swift; path = APIRepositoryClient.swift; sourceTree = "<group>"; };
		F5B5CD9C247E9FB1009E1061 /* API.swift */ = {isa = PBXFileReference; lastKnownFileType = sourcecode.swift; path = API.swift; sourceTree = "<group>"; };
		F5B5CD9E247EA4F4009E1061 /* RepositoryPayload.swift */ = {isa = PBXFileReference; lastKnownFileType = sourcecode.swift; path = RepositoryPayload.swift; sourceTree = "<group>"; };
		F5B5CDA0247EA723009E1061 /* ItemPayload.swift */ = {isa = PBXFileReference; lastKnownFileType = sourcecode.swift; path = ItemPayload.swift; sourceTree = "<group>"; };
		F5B5CDA2247EA7C0009E1061 /* OwnerPayload.swift */ = {isa = PBXFileReference; lastKnownFileType = sourcecode.swift; path = OwnerPayload.swift; sourceTree = "<group>"; };
		F5B5CDAB247ED092009E1061 /* RepositoriesViewModel.swift */ = {isa = PBXFileReference; lastKnownFileType = sourcecode.swift; path = RepositoriesViewModel.swift; sourceTree = "<group>"; };
		F5B5CDAF247ED117009E1061 /* Dynamic.swift */ = {isa = PBXFileReference; lastKnownFileType = sourcecode.swift; path = Dynamic.swift; sourceTree = "<group>"; };
		F5B5CDB3247ED224009E1061 /* Repository.swift */ = {isa = PBXFileReference; lastKnownFileType = sourcecode.swift; path = Repository.swift; sourceTree = "<group>"; };
		F5B5CDB5247ED296009E1061 /* Item.swift */ = {isa = PBXFileReference; lastKnownFileType = sourcecode.swift; path = Item.swift; sourceTree = "<group>"; };
		F5B5CDB7247ED342009E1061 /* Owner.swift */ = {isa = PBXFileReference; lastKnownFileType = sourcecode.swift; path = Owner.swift; sourceTree = "<group>"; };
		F5B5CDB9247EE75D009E1061 /* RepositoriesViewController.swift */ = {isa = PBXFileReference; lastKnownFileType = sourcecode.swift; path = RepositoriesViewController.swift; sourceTree = "<group>"; };
		F5B5CDBC247EEA6C009E1061 /* RepositoryCell.swift */ = {isa = PBXFileReference; lastKnownFileType = sourcecode.swift; path = RepositoryCell.swift; sourceTree = "<group>"; };
		F5B5CDBE247EEACD009E1061 /* RepositoryCellViewModel.swift */ = {isa = PBXFileReference; lastKnownFileType = sourcecode.swift; path = RepositoryCellViewModel.swift; sourceTree = "<group>"; };
		F5B5CDC2247EF260009E1061 /* RepositoryFactory.swift */ = {isa = PBXFileReference; lastKnownFileType = sourcecode.swift; path = RepositoryFactory.swift; sourceTree = "<group>"; };
		F5B5CDC4247EF29F009E1061 /* ModuleFactoryImp.swift */ = {isa = PBXFileReference; lastKnownFileType = sourcecode.swift; path = ModuleFactoryImp.swift; sourceTree = "<group>"; };
		F5B5CDC7247F0274009E1061 /* UImageLoader.swift */ = {isa = PBXFileReference; lastKnownFileType = sourcecode.swift; path = UImageLoader.swift; sourceTree = "<group>"; };
		F5B5CDCA247F02BD009E1061 /* ImageLoader.swift */ = {isa = PBXFileReference; lastKnownFileType = sourcecode.swift; path = ImageLoader.swift; sourceTree = "<group>"; };
		F5B5CDCD247F03E2009E1061 /* UImageViewExtension.swift */ = {isa = PBXFileReference; lastKnownFileType = sourcecode.swift; path = UImageViewExtension.swift; sourceTree = "<group>"; };
		F5B5CDCF247F3FEB009E1061 /* RepositoriesViewModelTests.swift */ = {isa = PBXFileReference; lastKnownFileType = sourcecode.swift; path = RepositoriesViewModelTests.swift; sourceTree = "<group>"; };
/* End PBXFileReference section */

/* Begin PBXFrameworksBuildPhase section */
		F5B5CD61247E8A6D009E1061 /* Frameworks */ = {
			isa = PBXFrameworksBuildPhase;
			buildActionMask = 2147483647;
			files = (
				29B331334A8804D9D0016A83 /* Pods_Swift_Git.framework in Frameworks */,
			);
			runOnlyForDeploymentPostprocessing = 0;
		};
		F5B5CD77247E8A6E009E1061 /* Frameworks */ = {
			isa = PBXFrameworksBuildPhase;
			buildActionMask = 2147483647;
			files = (
				4795BD28CE96E0F51F0140BE /* Pods_Swift_Git_Swift_GitTests.framework in Frameworks */,
			);
			runOnlyForDeploymentPostprocessing = 0;
		};
/* End PBXFrameworksBuildPhase section */

/* Begin PBXGroup section */
		9639776B02B3BFB0C167AA51 /* Frameworks */ = {
			isa = PBXGroup;
			children = (
				DD0F7B14922E479000B36C06 /* Pods_Swift_Git.framework */,
				1CC5C7A3E88BD640073E6F65 /* Pods_Swift_Git_Swift_GitTests.framework */,
			);
			name = Frameworks;
			sourceTree = "<group>";
		};
		C250A966522BE7898E733C2D /* Pods */ = {
			isa = PBXGroup;
			children = (
				6BDF4A2CEFA4CCDDEFD546DD /* Pods-Swift-Git.debug.xcconfig */,
				75E43CFF1B0EFB311A228E26 /* Pods-Swift-Git.release.xcconfig */,
				1961D884E1E30BA058C4E059 /* Pods-Swift-Git-Swift-GitTests.debug.xcconfig */,
				24B8B21105B69F23DE4DA2B6 /* Pods-Swift-Git-Swift-GitTests.release.xcconfig */,
			);
			path = Pods;
			sourceTree = "<group>";
		};
		F5B5CD5B247E8A6D009E1061 = {
			isa = PBXGroup;
			children = (
				F5B5CD66247E8A6D009E1061 /* Swift-Git */,
				F5B5CD7D247E8A6E009E1061 /* Swift-GitTests */,
				F5B5CD65247E8A6D009E1061 /* Products */,
				C250A966522BE7898E733C2D /* Pods */,
				9639776B02B3BFB0C167AA51 /* Frameworks */,
			);
			sourceTree = "<group>";
		};
		F5B5CD65247E8A6D009E1061 /* Products */ = {
			isa = PBXGroup;
			children = (
				F5B5CD64247E8A6D009E1061 /* Swift-Git.app */,
				F5B5CD7A247E8A6E009E1061 /* Swift-GitTests.xctest */,
			);
			name = Products;
			sourceTree = "<group>";
		};
		F5B5CD66247E8A6D009E1061 /* Swift-Git */ = {
			isa = PBXGroup;
			children = (
				F5B5CDAD247ED0FA009E1061 /* Commons */,
				F5B5CDA4247ECF69009E1061 /* Features */,
				F5B5CD8B247E9649009E1061 /* Network */,
				F5B5CD8A247E8B18009E1061 /* Resources */,
				F5B5CD89247E8AC5009E1061 /* AppDelegate */,
				F5B5CD6B247E8A6D009E1061 /* ViewController.swift */,
				F5B5CD6D247E8A6D009E1061 /* Main.storyboard */,
			);
			path = "Swift-Git";
			sourceTree = "<group>";
		};
		F5B5CD7D247E8A6E009E1061 /* Swift-GitTests */ = {
			isa = PBXGroup;
			children = (
				F5B5CD7E247E8A6E009E1061 /* Swift_GitTests.swift */,
				F5B5CD80247E8A6E009E1061 /* Info.plist */,
				F5B5CDCF247F3FEB009E1061 /* RepositoriesViewModelTests.swift */,
				F530D2F12480022A00D4FB5B /* RepositoryCellViewModelTests.swift */,
			);
			path = "Swift-GitTests";
			sourceTree = "<group>";
		};
		F5B5CD89247E8AC5009E1061 /* AppDelegate */ = {
			isa = PBXGroup;
			children = (
				F5B5CD67247E8A6D009E1061 /* AppDelegate.swift */,
			);
			path = AppDelegate;
			sourceTree = "<group>";
		};
		F5B5CD8A247E8B18009E1061 /* Resources */ = {
			isa = PBXGroup;
			children = (
				F5B5CD70247E8A6E009E1061 /* Assets.xcassets */,
				F5B5CD72247E8A6E009E1061 /* LaunchScreen.storyboard */,
				F5B5CD75247E8A6E009E1061 /* Info.plist */,
			);
			path = Resources;
			sourceTree = "<group>";
		};
		F5B5CD8B247E9649009E1061 /* Network */ = {
			isa = PBXGroup;
			children = (
				F5B5CD8F247E9686009E1061 /* Protocol */,
				F5B5CD8E247E967B009E1061 /* Response Models */,
				F5B5CD8D247E9674009E1061 /* Clients */,
				F5B5CD8C247E9667009E1061 /* Core */,
			);
			path = Network;
			sourceTree = "<group>";
		};
		F5B5CD8C247E9667009E1061 /* Core */ = {
			isa = PBXGroup;
			children = (
				F5B5CD90247E96C2009E1061 /* Typealias.swift */,
				F5B5CD92247E96E1009E1061 /* APIError.swift */,
				F5B5CD94247E970E009E1061 /* Constants.swift */,
				F5B5CD96247E9768009E1061 /* APIRouter.swift */,
				F5B5CD9C247E9FB1009E1061 /* API.swift */,
			);
			path = Core;
			sourceTree = "<group>";
		};
		F5B5CD8D247E9674009E1061 /* Clients */ = {
			isa = PBXGroup;
			children = (
				F5B5CD9A247E9F88009E1061 /* APIRepositoryClient.swift */,
			);
			path = Clients;
			sourceTree = "<group>";
		};
		F5B5CD8E247E967B009E1061 /* Response Models */ = {
			isa = PBXGroup;
			children = (
				F5B5CD9E247EA4F4009E1061 /* RepositoryPayload.swift */,
				F5B5CDA0247EA723009E1061 /* ItemPayload.swift */,
				F5B5CDA2247EA7C0009E1061 /* OwnerPayload.swift */,
			);
			path = "Response Models";
			sourceTree = "<group>";
		};
		F5B5CD8F247E9686009E1061 /* Protocol */ = {
			isa = PBXGroup;
			children = (
			);
			path = Protocol;
			sourceTree = "<group>";
		};
		F5B5CDA4247ECF69009E1061 /* Features */ = {
			isa = PBXGroup;
			children = (
				F5B5CDC0247EF22F009E1061 /* Factories */,
				F5B5CDA5247ECF7B009E1061 /* Search Repository */,
			);
			path = Features;
			sourceTree = "<group>";
		};
		F5B5CDA5247ECF7B009E1061 /* Search Repository */ = {
			isa = PBXGroup;
			children = (
				F5B5CDB1247ED144009E1061 /* Model */,
				F5B5CDAA247ED077009E1061 /* View */,
				F5B5CDA9247ED062009E1061 /* ViewModel */,
			);
			path = "Search Repository";
			sourceTree = "<group>";
		};
		F5B5CDA9247ED062009E1061 /* ViewModel */ = {
			isa = PBXGroup;
			children = (
				F5B5CDAB247ED092009E1061 /* RepositoriesViewModel.swift */,
			);
			path = ViewModel;
			sourceTree = "<group>";
		};
		F5B5CDAA247ED077009E1061 /* View */ = {
			isa = PBXGroup;
			children = (
				F5B5CDBB247EEA4A009E1061 /* Custom Cell */,
				F5B5CDB9247EE75D009E1061 /* RepositoriesViewController.swift */,
			);
			path = View;
			sourceTree = "<group>";
		};
		F5B5CDAD247ED0FA009E1061 /* Commons */ = {
			isa = PBXGroup;
			children = (
				F5B5CDCC247F03CD009E1061 /* Extensions */,
				F5B5CDC6247F0250009E1061 /* Image Loader */,
				F5B5CDAE247ED10F009E1061 /* Dynamic */,
			);
			path = Commons;
			sourceTree = "<group>";
		};
		F5B5CDAE247ED10F009E1061 /* Dynamic */ = {
			isa = PBXGroup;
			children = (
				F5B5CDAF247ED117009E1061 /* Dynamic.swift */,
			);
			path = Dynamic;
			sourceTree = "<group>";
		};
		F5B5CDB1247ED144009E1061 /* Model */ = {
			isa = PBXGroup;
			children = (
				F5B5CDB3247ED224009E1061 /* Repository.swift */,
				F5B5CDB5247ED296009E1061 /* Item.swift */,
				F5B5CDB7247ED342009E1061 /* Owner.swift */,
			);
			path = Model;
			sourceTree = "<group>";
		};
		F5B5CDBB247EEA4A009E1061 /* Custom Cell */ = {
			isa = PBXGroup;
			children = (
				F5B5CDBC247EEA6C009E1061 /* RepositoryCell.swift */,
				F5B5CDBE247EEACD009E1061 /* RepositoryCellViewModel.swift */,
			);
			path = "Custom Cell";
			sourceTree = "<group>";
		};
		F5B5CDC0247EF22F009E1061 /* Factories */ = {
			isa = PBXGroup;
			children = (
				F5B5CDC1247EF237009E1061 /* Factory Imp */,
				F5B5CDC2247EF260009E1061 /* RepositoryFactory.swift */,
			);
			path = Factories;
			sourceTree = "<group>";
		};
		F5B5CDC1247EF237009E1061 /* Factory Imp */ = {
			isa = PBXGroup;
			children = (
				F5B5CDC4247EF29F009E1061 /* ModuleFactoryImp.swift */,
			);
			path = "Factory Imp";
			sourceTree = "<group>";
		};
		F5B5CDC6247F0250009E1061 /* Image Loader */ = {
			isa = PBXGroup;
			children = (
				F5B5CDC7247F0274009E1061 /* UImageLoader.swift */,
				F5B5CDCA247F02BD009E1061 /* ImageLoader.swift */,
			);
			path = "Image Loader";
			sourceTree = "<group>";
		};
		F5B5CDCC247F03CD009E1061 /* Extensions */ = {
			isa = PBXGroup;
			children = (
				F5B5CDCD247F03E2009E1061 /* UImageViewExtension.swift */,
			);
			path = Extensions;
			sourceTree = "<group>";
		};
/* End PBXGroup section */

/* Begin PBXNativeTarget section */
		F5B5CD63247E8A6D009E1061 /* Swift-Git */ = {
			isa = PBXNativeTarget;
			buildConfigurationList = F5B5CD83247E8A6E009E1061 /* Build configuration list for PBXNativeTarget "Swift-Git" */;
			buildPhases = (
				A234633AE3772F1A8B340193 /* [CP] Check Pods Manifest.lock */,
				F5B5CD60247E8A6D009E1061 /* Sources */,
				F5B5CD61247E8A6D009E1061 /* Frameworks */,
				F5B5CD62247E8A6D009E1061 /* Resources */,
				635A7AA1EA6038AB4AAB2088 /* [CP] Embed Pods Frameworks */,
			);
			buildRules = (
			);
			dependencies = (
			);
			name = "Swift-Git";
			productName = "Swift-Git";
			productReference = F5B5CD64247E8A6D009E1061 /* Swift-Git.app */;
			productType = "com.apple.product-type.application";
		};
		F5B5CD79247E8A6E009E1061 /* Swift-GitTests */ = {
			isa = PBXNativeTarget;
			buildConfigurationList = F5B5CD86247E8A6E009E1061 /* Build configuration list for PBXNativeTarget "Swift-GitTests" */;
			buildPhases = (
				A6E15C9E5E63B0CCE911EF3B /* [CP] Check Pods Manifest.lock */,
				F5B5CD76247E8A6E009E1061 /* Sources */,
				F5B5CD77247E8A6E009E1061 /* Frameworks */,
				F5B5CD78247E8A6E009E1061 /* Resources */,
				F619EE4F264E517B35B53D77 /* [CP] Embed Pods Frameworks */,
			);
			buildRules = (
			);
			dependencies = (
				F5B5CD7C247E8A6E009E1061 /* PBXTargetDependency */,
			);
			name = "Swift-GitTests";
			productName = "Swift-GitTests";
			productReference = F5B5CD7A247E8A6E009E1061 /* Swift-GitTests.xctest */;
			productType = "com.apple.product-type.bundle.unit-test";
		};
/* End PBXNativeTarget section */

/* Begin PBXProject section */
		F5B5CD5C247E8A6D009E1061 /* Project object */ = {
			isa = PBXProject;
			attributes = {
				LastSwiftUpdateCheck = 1150;
				LastUpgradeCheck = 1150;
				ORGANIZATIONNAME = "Rafael Silva";
				TargetAttributes = {
					F5B5CD63247E8A6D009E1061 = {
						CreatedOnToolsVersion = 11.5;
					};
					F5B5CD79247E8A6E009E1061 = {
						CreatedOnToolsVersion = 11.5;
						TestTargetID = F5B5CD63247E8A6D009E1061;
					};
				};
			};
			buildConfigurationList = F5B5CD5F247E8A6D009E1061 /* Build configuration list for PBXProject "Swift-Git" */;
			compatibilityVersion = "Xcode 9.3";
			developmentRegion = en;
			hasScannedForEncodings = 0;
			knownRegions = (
				en,
				Base,
			);
			mainGroup = F5B5CD5B247E8A6D009E1061;
			productRefGroup = F5B5CD65247E8A6D009E1061 /* Products */;
			projectDirPath = "";
			projectRoot = "";
			targets = (
				F5B5CD63247E8A6D009E1061 /* Swift-Git */,
				F5B5CD79247E8A6E009E1061 /* Swift-GitTests */,
			);
		};
/* End PBXProject section */

/* Begin PBXResourcesBuildPhase section */
		F5B5CD62247E8A6D009E1061 /* Resources */ = {
			isa = PBXResourcesBuildPhase;
			buildActionMask = 2147483647;
			files = (
				F5B5CD74247E8A6E009E1061 /* LaunchScreen.storyboard in Resources */,
				F5B5CD71247E8A6E009E1061 /* Assets.xcassets in Resources */,
				F5B5CD6F247E8A6D009E1061 /* Main.storyboard in Resources */,
			);
			runOnlyForDeploymentPostprocessing = 0;
		};
		F5B5CD78247E8A6E009E1061 /* Resources */ = {
			isa = PBXResourcesBuildPhase;
			buildActionMask = 2147483647;
			files = (
			);
			runOnlyForDeploymentPostprocessing = 0;
		};
/* End PBXResourcesBuildPhase section */

/* Begin PBXShellScriptBuildPhase section */
		635A7AA1EA6038AB4AAB2088 /* [CP] Embed Pods Frameworks */ = {
			isa = PBXShellScriptBuildPhase;
			buildActionMask = 2147483647;
			files = (
			);
			inputFileListPaths = (
				"${PODS_ROOT}/Target Support Files/Pods-Swift-Git/Pods-Swift-Git-frameworks-${CONFIGURATION}-input-files.xcfilelist",
			);
			name = "[CP] Embed Pods Frameworks";
			outputFileListPaths = (
				"${PODS_ROOT}/Target Support Files/Pods-Swift-Git/Pods-Swift-Git-frameworks-${CONFIGURATION}-output-files.xcfilelist",
			);
			runOnlyForDeploymentPostprocessing = 0;
			shellPath = /bin/sh;
			shellScript = "\"${PODS_ROOT}/Target Support Files/Pods-Swift-Git/Pods-Swift-Git-frameworks.sh\"\n";
			showEnvVarsInLog = 0;
		};
		A234633AE3772F1A8B340193 /* [CP] Check Pods Manifest.lock */ = {
			isa = PBXShellScriptBuildPhase;
			buildActionMask = 2147483647;
			files = (
			);
			inputFileListPaths = (
			);
			inputPaths = (
				"${PODS_PODFILE_DIR_PATH}/Podfile.lock",
				"${PODS_ROOT}/Manifest.lock",
			);
			name = "[CP] Check Pods Manifest.lock";
			outputFileListPaths = (
			);
			outputPaths = (
				"$(DERIVED_FILE_DIR)/Pods-Swift-Git-checkManifestLockResult.txt",
			);
			runOnlyForDeploymentPostprocessing = 0;
			shellPath = /bin/sh;
			shellScript = "diff \"${PODS_PODFILE_DIR_PATH}/Podfile.lock\" \"${PODS_ROOT}/Manifest.lock\" > /dev/null\nif [ $? != 0 ] ; then\n    # print error to STDERR\n    echo \"error: The sandbox is not in sync with the Podfile.lock. Run 'pod install' or update your CocoaPods installation.\" >&2\n    exit 1\nfi\n# This output is used by Xcode 'outputs' to avoid re-running this script phase.\necho \"SUCCESS\" > \"${SCRIPT_OUTPUT_FILE_0}\"\n";
			showEnvVarsInLog = 0;
		};
		A6E15C9E5E63B0CCE911EF3B /* [CP] Check Pods Manifest.lock */ = {
			isa = PBXShellScriptBuildPhase;
			buildActionMask = 2147483647;
			files = (
			);
			inputFileListPaths = (
			);
			inputPaths = (
				"${PODS_PODFILE_DIR_PATH}/Podfile.lock",
				"${PODS_ROOT}/Manifest.lock",
			);
			name = "[CP] Check Pods Manifest.lock";
			outputFileListPaths = (
			);
			outputPaths = (
				"$(DERIVED_FILE_DIR)/Pods-Swift-Git-Swift-GitTests-checkManifestLockResult.txt",
			);
			runOnlyForDeploymentPostprocessing = 0;
			shellPath = /bin/sh;
			shellScript = "diff \"${PODS_PODFILE_DIR_PATH}/Podfile.lock\" \"${PODS_ROOT}/Manifest.lock\" > /dev/null\nif [ $? != 0 ] ; then\n    # print error to STDERR\n    echo \"error: The sandbox is not in sync with the Podfile.lock. Run 'pod install' or update your CocoaPods installation.\" >&2\n    exit 1\nfi\n# This output is used by Xcode 'outputs' to avoid re-running this script phase.\necho \"SUCCESS\" > \"${SCRIPT_OUTPUT_FILE_0}\"\n";
			showEnvVarsInLog = 0;
		};
		F619EE4F264E517B35B53D77 /* [CP] Embed Pods Frameworks */ = {
			isa = PBXShellScriptBuildPhase;
			buildActionMask = 2147483647;
			files = (
			);
			inputFileListPaths = (
				"${PODS_ROOT}/Target Support Files/Pods-Swift-Git-Swift-GitTests/Pods-Swift-Git-Swift-GitTests-frameworks-${CONFIGURATION}-input-files.xcfilelist",
			);
			name = "[CP] Embed Pods Frameworks";
			outputFileListPaths = (
				"${PODS_ROOT}/Target Support Files/Pods-Swift-Git-Swift-GitTests/Pods-Swift-Git-Swift-GitTests-frameworks-${CONFIGURATION}-output-files.xcfilelist",
			);
			runOnlyForDeploymentPostprocessing = 0;
			shellPath = /bin/sh;
			shellScript = "\"${PODS_ROOT}/Target Support Files/Pods-Swift-Git-Swift-GitTests/Pods-Swift-Git-Swift-GitTests-frameworks.sh\"\n";
			showEnvVarsInLog = 0;
		};
/* End PBXShellScriptBuildPhase section */

/* Begin PBXSourcesBuildPhase section */
		F5B5CD60247E8A6D009E1061 /* Sources */ = {
			isa = PBXSourcesBuildPhase;
			buildActionMask = 2147483647;
			files = (
				F5B5CDBF247EEACD009E1061 /* RepositoryCellViewModel.swift in Sources */,
				F5B5CDCE247F03E2009E1061 /* UImageViewExtension.swift in Sources */,
				F5B5CD9B247E9F88009E1061 /* APIRepositoryClient.swift in Sources */,
				F5B5CD95247E970E009E1061 /* Constants.swift in Sources */,
				F5B5CDB4247ED224009E1061 /* Repository.swift in Sources */,
				F5B5CD9F247EA4F4009E1061 /* RepositoryPayload.swift in Sources */,
				F5B5CDC5247EF29F009E1061 /* ModuleFactoryImp.swift in Sources */,
				F5B5CDBA247EE75E009E1061 /* RepositoriesViewController.swift in Sources */,
				F5B5CDC3247EF260009E1061 /* RepositoryFactory.swift in Sources */,
				F5B5CDB6247ED296009E1061 /* Item.swift in Sources */,
				F5B5CDB0247ED117009E1061 /* Dynamic.swift in Sources */,
				F5B5CD97247E9768009E1061 /* APIRouter.swift in Sources */,
				F5B5CD6C247E8A6D009E1061 /* ViewController.swift in Sources */,
				F5B5CD93247E96E1009E1061 /* APIError.swift in Sources */,
				F5B5CD91247E96C3009E1061 /* Typealias.swift in Sources */,
				F5B5CDCB247F02BD009E1061 /* ImageLoader.swift in Sources */,
				F5B5CDBD247EEA6C009E1061 /* RepositoryCell.swift in Sources */,
				F5B5CDC8247F0274009E1061 /* UImageLoader.swift in Sources */,
				F5B5CDAC247ED092009E1061 /* RepositoriesViewModel.swift in Sources */,
				F5B5CDA1247EA723009E1061 /* ItemPayload.swift in Sources */,
				F5B5CDA3247EA7C0009E1061 /* OwnerPayload.swift in Sources */,
				F5B5CD9D247E9FB1009E1061 /* API.swift in Sources */,
				F5B5CDB8247ED342009E1061 /* Owner.swift in Sources */,
				F5B5CD68247E8A6D009E1061 /* AppDelegate.swift in Sources */,
			);
			runOnlyForDeploymentPostprocessing = 0;
		};
		F5B5CD76247E8A6E009E1061 /* Sources */ = {
			isa = PBXSourcesBuildPhase;
			buildActionMask = 2147483647;
			files = (
				F5B5CDD0247F3FEB009E1061 /* RepositoriesViewModelTests.swift in Sources */,
				F530D2F22480022A00D4FB5B /* RepositoryCellViewModelTests.swift in Sources */,
				F5B5CD7F247E8A6E009E1061 /* Swift_GitTests.swift in Sources */,
			);
			runOnlyForDeploymentPostprocessing = 0;
		};
/* End PBXSourcesBuildPhase section */

/* Begin PBXTargetDependency section */
		F5B5CD7C247E8A6E009E1061 /* PBXTargetDependency */ = {
			isa = PBXTargetDependency;
			target = F5B5CD63247E8A6D009E1061 /* Swift-Git */;
			targetProxy = F5B5CD7B247E8A6E009E1061 /* PBXContainerItemProxy */;
		};
/* End PBXTargetDependency section */

/* Begin PBXVariantGroup section */
		F5B5CD6D247E8A6D009E1061 /* Main.storyboard */ = {
			isa = PBXVariantGroup;
			children = (
				F5B5CD6E247E8A6D009E1061 /* Base */,
			);
			name = Main.storyboard;
			sourceTree = "<group>";
		};
		F5B5CD72247E8A6E009E1061 /* LaunchScreen.storyboard */ = {
			isa = PBXVariantGroup;
			children = (
				F5B5CD73247E8A6E009E1061 /* Base */,
			);
			name = LaunchScreen.storyboard;
			sourceTree = "<group>";
		};
/* End PBXVariantGroup section */

/* Begin XCBuildConfiguration section */
		F5B5CD81247E8A6E009E1061 /* Debug */ = {
			isa = XCBuildConfiguration;
			buildSettings = {
				ALWAYS_SEARCH_USER_PATHS = NO;
				CLANG_ANALYZER_NONNULL = YES;
				CLANG_ANALYZER_NUMBER_OBJECT_CONVERSION = YES_AGGRESSIVE;
				CLANG_CXX_LANGUAGE_STANDARD = "gnu++14";
				CLANG_CXX_LIBRARY = "libc++";
				CLANG_ENABLE_MODULES = YES;
				CLANG_ENABLE_OBJC_ARC = YES;
				CLANG_ENABLE_OBJC_WEAK = YES;
				CLANG_WARN_BLOCK_CAPTURE_AUTORELEASING = YES;
				CLANG_WARN_BOOL_CONVERSION = YES;
				CLANG_WARN_COMMA = YES;
				CLANG_WARN_CONSTANT_CONVERSION = YES;
				CLANG_WARN_DEPRECATED_OBJC_IMPLEMENTATIONS = YES;
				CLANG_WARN_DIRECT_OBJC_ISA_USAGE = YES_ERROR;
				CLANG_WARN_DOCUMENTATION_COMMENTS = YES;
				CLANG_WARN_EMPTY_BODY = YES;
				CLANG_WARN_ENUM_CONVERSION = YES;
				CLANG_WARN_INFINITE_RECURSION = YES;
				CLANG_WARN_INT_CONVERSION = YES;
				CLANG_WARN_NON_LITERAL_NULL_CONVERSION = YES;
				CLANG_WARN_OBJC_IMPLICIT_RETAIN_SELF = YES;
				CLANG_WARN_OBJC_LITERAL_CONVERSION = YES;
				CLANG_WARN_OBJC_ROOT_CLASS = YES_ERROR;
				CLANG_WARN_RANGE_LOOP_ANALYSIS = YES;
				CLANG_WARN_STRICT_PROTOTYPES = YES;
				CLANG_WARN_SUSPICIOUS_MOVE = YES;
				CLANG_WARN_UNGUARDED_AVAILABILITY = YES_AGGRESSIVE;
				CLANG_WARN_UNREACHABLE_CODE = YES;
				CLANG_WARN__DUPLICATE_METHOD_MATCH = YES;
				COPY_PHASE_STRIP = NO;
				DEBUG_INFORMATION_FORMAT = dwarf;
				ENABLE_STRICT_OBJC_MSGSEND = YES;
				ENABLE_TESTABILITY = YES;
				GCC_C_LANGUAGE_STANDARD = gnu11;
				GCC_DYNAMIC_NO_PIC = NO;
				GCC_NO_COMMON_BLOCKS = YES;
				GCC_OPTIMIZATION_LEVEL = 0;
				GCC_PREPROCESSOR_DEFINITIONS = (
					"DEBUG=1",
					"$(inherited)",
				);
				GCC_WARN_64_TO_32_BIT_CONVERSION = YES;
				GCC_WARN_ABOUT_RETURN_TYPE = YES_ERROR;
				GCC_WARN_UNDECLARED_SELECTOR = YES;
				GCC_WARN_UNINITIALIZED_AUTOS = YES_AGGRESSIVE;
				GCC_WARN_UNUSED_FUNCTION = YES;
				GCC_WARN_UNUSED_VARIABLE = YES;
				IPHONEOS_DEPLOYMENT_TARGET = 11.0;
				MTL_ENABLE_DEBUG_INFO = INCLUDE_SOURCE;
				MTL_FAST_MATH = YES;
				ONLY_ACTIVE_ARCH = YES;
				SDKROOT = iphoneos;
				SWIFT_ACTIVE_COMPILATION_CONDITIONS = DEBUG;
				SWIFT_OPTIMIZATION_LEVEL = "-Onone";
			};
			name = Debug;
		};
		F5B5CD82247E8A6E009E1061 /* Release */ = {
			isa = XCBuildConfiguration;
			buildSettings = {
				ALWAYS_SEARCH_USER_PATHS = NO;
				CLANG_ANALYZER_NONNULL = YES;
				CLANG_ANALYZER_NUMBER_OBJECT_CONVERSION = YES_AGGRESSIVE;
				CLANG_CXX_LANGUAGE_STANDARD = "gnu++14";
				CLANG_CXX_LIBRARY = "libc++";
				CLANG_ENABLE_MODULES = YES;
				CLANG_ENABLE_OBJC_ARC = YES;
				CLANG_ENABLE_OBJC_WEAK = YES;
				CLANG_WARN_BLOCK_CAPTURE_AUTORELEASING = YES;
				CLANG_WARN_BOOL_CONVERSION = YES;
				CLANG_WARN_COMMA = YES;
				CLANG_WARN_CONSTANT_CONVERSION = YES;
				CLANG_WARN_DEPRECATED_OBJC_IMPLEMENTATIONS = YES;
				CLANG_WARN_DIRECT_OBJC_ISA_USAGE = YES_ERROR;
				CLANG_WARN_DOCUMENTATION_COMMENTS = YES;
				CLANG_WARN_EMPTY_BODY = YES;
				CLANG_WARN_ENUM_CONVERSION = YES;
				CLANG_WARN_INFINITE_RECURSION = YES;
				CLANG_WARN_INT_CONVERSION = YES;
				CLANG_WARN_NON_LITERAL_NULL_CONVERSION = YES;
				CLANG_WARN_OBJC_IMPLICIT_RETAIN_SELF = YES;
				CLANG_WARN_OBJC_LITERAL_CONVERSION = YES;
				CLANG_WARN_OBJC_ROOT_CLASS = YES_ERROR;
				CLANG_WARN_RANGE_LOOP_ANALYSIS = YES;
				CLANG_WARN_STRICT_PROTOTYPES = YES;
				CLANG_WARN_SUSPICIOUS_MOVE = YES;
				CLANG_WARN_UNGUARDED_AVAILABILITY = YES_AGGRESSIVE;
				CLANG_WARN_UNREACHABLE_CODE = YES;
				CLANG_WARN__DUPLICATE_METHOD_MATCH = YES;
				COPY_PHASE_STRIP = NO;
				DEBUG_INFORMATION_FORMAT = "dwarf-with-dsym";
				ENABLE_NS_ASSERTIONS = NO;
				ENABLE_STRICT_OBJC_MSGSEND = YES;
				GCC_C_LANGUAGE_STANDARD = gnu11;
				GCC_NO_COMMON_BLOCKS = YES;
				GCC_WARN_64_TO_32_BIT_CONVERSION = YES;
				GCC_WARN_ABOUT_RETURN_TYPE = YES_ERROR;
				GCC_WARN_UNDECLARED_SELECTOR = YES;
				GCC_WARN_UNINITIALIZED_AUTOS = YES_AGGRESSIVE;
				GCC_WARN_UNUSED_FUNCTION = YES;
				GCC_WARN_UNUSED_VARIABLE = YES;
				IPHONEOS_DEPLOYMENT_TARGET = 11.0;
				MTL_ENABLE_DEBUG_INFO = NO;
				MTL_FAST_MATH = YES;
				SDKROOT = iphoneos;
				SWIFT_COMPILATION_MODE = wholemodule;
				SWIFT_OPTIMIZATION_LEVEL = "-O";
				VALIDATE_PRODUCT = YES;
			};
			name = Release;
		};
		F5B5CD84247E8A6E009E1061 /* Debug */ = {
			isa = XCBuildConfiguration;
			baseConfigurationReference = 6BDF4A2CEFA4CCDDEFD546DD /* Pods-Swift-Git.debug.xcconfig */;
			buildSettings = {
				ASSETCATALOG_COMPILER_APPICON_NAME = AppIcon;
				CODE_SIGN_STYLE = Automatic;
				INFOPLIST_FILE = "Swift-Git/Resources/Info.plist";
				INFOPLIST_PREPROCESS = NO;
				IPHONEOS_DEPLOYMENT_TARGET = 11.0;
				LD_RUNPATH_SEARCH_PATHS = (
					"$(inherited)",
					"@executable_path/Frameworks",
				);
				PRODUCT_BUNDLE_IDENTIFIER = "com.silva.rafael.Swift-Git";
				PRODUCT_NAME = "$(TARGET_NAME)";
				SWIFT_VERSION = 5.0;
				TARGETED_DEVICE_FAMILY = 1;
			};
			name = Debug;
		};
		F5B5CD85247E8A6E009E1061 /* Release */ = {
			isa = XCBuildConfiguration;
			baseConfigurationReference = 75E43CFF1B0EFB311A228E26 /* Pods-Swift-Git.release.xcconfig */;
			buildSettings = {
				ASSETCATALOG_COMPILER_APPICON_NAME = AppIcon;
				CODE_SIGN_STYLE = Automatic;
				INFOPLIST_FILE = "Swift-Git/Resources/Info.plist";
				INFOPLIST_PREPROCESS = NO;
				IPHONEOS_DEPLOYMENT_TARGET = 11.0;
				LD_RUNPATH_SEARCH_PATHS = (
					"$(inherited)",
					"@executable_path/Frameworks",
				);
				PRODUCT_BUNDLE_IDENTIFIER = "com.silva.rafael.Swift-Git";
				PRODUCT_NAME = "$(TARGET_NAME)";
				SWIFT_VERSION = 5.0;
				TARGETED_DEVICE_FAMILY = 1;
			};
			name = Release;
		};
		F5B5CD87247E8A6E009E1061 /* Debug */ = {
			isa = XCBuildConfiguration;
			baseConfigurationReference = 1961D884E1E30BA058C4E059 /* Pods-Swift-Git-Swift-GitTests.debug.xcconfig */;
			buildSettings = {
				ALWAYS_EMBED_SWIFT_STANDARD_LIBRARIES = YES;
				BUNDLE_LOADER = "$(TEST_HOST)";
				CODE_SIGN_STYLE = Automatic;
				INFOPLIST_FILE = "Swift-GitTests/Info.plist";
				IPHONEOS_DEPLOYMENT_TARGET = 13.5;
				LD_RUNPATH_SEARCH_PATHS = (
					"$(inherited)",
					"@executable_path/Frameworks",
					"@loader_path/Frameworks",
				);
				PRODUCT_BUNDLE_IDENTIFIER = "com.silva.rafael.Swift-GitTests";
				PRODUCT_NAME = "$(TARGET_NAME)";
				SWIFT_VERSION = 5.0;
				TARGETED_DEVICE_FAMILY = "1,2";
				TEST_HOST = "$(BUILT_PRODUCTS_DIR)/Swift-Git.app/Swift-Git";
			};
			name = Debug;
		};
		F5B5CD88247E8A6E009E1061 /* Release */ = {
			isa = XCBuildConfiguration;
			baseConfigurationReference = 24B8B21105B69F23DE4DA2B6 /* Pods-Swift-Git-Swift-GitTests.release.xcconfig */;
			buildSettings = {
				ALWAYS_EMBED_SWIFT_STANDARD_LIBRARIES = YES;
				BUNDLE_LOADER = "$(TEST_HOST)";
				CODE_SIGN_STYLE = Automatic;
				INFOPLIST_FILE = "Swift-GitTests/Info.plist";
				IPHONEOS_DEPLOYMENT_TARGET = 13.5;
				LD_RUNPATH_SEARCH_PATHS = (
					"$(inherited)",
					"@executable_path/Frameworks",
					"@loader_path/Frameworks",
				);
				PRODUCT_BUNDLE_IDENTIFIER = "com.silva.rafael.Swift-GitTests";
				PRODUCT_NAME = "$(TARGET_NAME)";
				SWIFT_VERSION = 5.0;
				TARGETED_DEVICE_FAMILY = "1,2";
				TEST_HOST = "$(BUILT_PRODUCTS_DIR)/Swift-Git.app/Swift-Git";
			};
			name = Release;
		};
/* End XCBuildConfiguration section */

/* Begin XCConfigurationList section */
		F5B5CD5F247E8A6D009E1061 /* Build configuration list for PBXProject "Swift-Git" */ = {
			isa = XCConfigurationList;
			buildConfigurations = (
				F5B5CD81247E8A6E009E1061 /* Debug */,
				F5B5CD82247E8A6E009E1061 /* Release */,
			);
			defaultConfigurationIsVisible = 0;
			defaultConfigurationName = Release;
		};
		F5B5CD83247E8A6E009E1061 /* Build configuration list for PBXNativeTarget "Swift-Git" */ = {
			isa = XCConfigurationList;
			buildConfigurations = (
				F5B5CD84247E8A6E009E1061 /* Debug */,
				F5B5CD85247E8A6E009E1061 /* Release */,
			);
			defaultConfigurationIsVisible = 0;
			defaultConfigurationName = Release;
		};
		F5B5CD86247E8A6E009E1061 /* Build configuration list for PBXNativeTarget "Swift-GitTests" */ = {
			isa = XCConfigurationList;
			buildConfigurations = (
				F5B5CD87247E8A6E009E1061 /* Debug */,
				F5B5CD88247E8A6E009E1061 /* Release */,
			);
			defaultConfigurationIsVisible = 0;
			defaultConfigurationName = Release;
		};
/* End XCConfigurationList section */
	};
	rootObject = F5B5CD5C247E8A6D009E1061 /* Project object */;
}
